// !$*UTF8*$!
{
	archiveVersion = 1;
	classes = {
	};
	objectVersion = 46;
	objects = {

/* Begin PBXBuildFile section */
		00C3BC201888FA050096708D /* Foundation.framework in Frameworks */ = {isa = PBXBuildFile; fileRef = 00C3BC1F1888FA050096708D /* Foundation.framework */; };
		00C3BC221888FA050096708D /* CoreGraphics.framework in Frameworks */ = {isa = PBXBuildFile; fileRef = 00C3BC211888FA050096708D /* CoreGraphics.framework */; };
		00C3BC241888FA050096708D /* UIKit.framework in Frameworks */ = {isa = PBXBuildFile; fileRef = 00C3BC231888FA050096708D /* UIKit.framework */; };
		00C3BC2A1888FA050096708D /* InfoPlist.strings in Resources */ = {isa = PBXBuildFile; fileRef = 00C3BC281888FA050096708D /* InfoPlist.strings */; };
		00C3BC2C1888FA050096708D /* main.m in Sources */ = {isa = PBXBuildFile; fileRef = 00C3BC2B1888FA050096708D /* main.m */; };
		00C3BC301888FA050096708D /* AppDelegate.m in Sources */ = {isa = PBXBuildFile; fileRef = 00C3BC2F1888FA050096708D /* AppDelegate.m */; };
		00C3BC331888FA050096708D /* Main.storyboard in Resources */ = {isa = PBXBuildFile; fileRef = 00C3BC311888FA050096708D /* Main.storyboard */; };
		00C3BC361888FA050096708D /* ViewController.m in Sources */ = {isa = PBXBuildFile; fileRef = 00C3BC351888FA050096708D /* ViewController.m */; };
		00C3BC381888FA050096708D /* Images.xcassets in Resources */ = {isa = PBXBuildFile; fileRef = 00C3BC371888FA050096708D /* Images.xcassets */; };
		00C3BC3F1888FA050096708D /* XCTest.framework in Frameworks */ = {isa = PBXBuildFile; fileRef = 00C3BC3E1888FA050096708D /* XCTest.framework */; };
		00C3BC401888FA050096708D /* Foundation.framework in Frameworks */ = {isa = PBXBuildFile; fileRef = 00C3BC1F1888FA050096708D /* Foundation.framework */; };
		00C3BC411888FA050096708D /* UIKit.framework in Frameworks */ = {isa = PBXBuildFile; fileRef = 00C3BC231888FA050096708D /* UIKit.framework */; };
		00C3BC491888FA060096708D /* InfoPlist.strings in Resources */ = {isa = PBXBuildFile; fileRef = 00C3BC471888FA060096708D /* InfoPlist.strings */; };
		00C3BC4B1888FA060096708D /* Ex231_Tmap_POITests.m in Sources */ = {isa = PBXBuildFile; fileRef = 00C3BC4A1888FA060096708D /* Ex231_Tmap_POITests.m */; };
/* End PBXBuildFile section */

/* Begin PBXContainerItemProxy section */
		00C3BC421888FA060096708D /* PBXContainerItemProxy */ = {
			isa = PBXContainerItemProxy;
			containerPortal = 00C3BC141888FA050096708D /* Project object */;
			proxyType = 1;
			remoteGlobalIDString = 00C3BC1B1888FA050096708D;
			remoteInfo = Ex231_Tmap_POI;
		};
/* End PBXContainerItemProxy section */

/* Begin PBXFileReference section */
		00C3BC1C1888FA050096708D /* Ex231_Tmap_POI.app */ = {isa = PBXFileReference; explicitFileType = wrapper.application; includeInIndex = 0; path = Ex231_Tmap_POI.app; sourceTree = BUILT_PRODUCTS_DIR; };
		00C3BC1F1888FA050096708D /* Foundation.framework */ = {isa = PBXFileReference; lastKnownFileType = wrapper.framework; name = Foundation.framework; path = System/Library/Frameworks/Foundation.framework; sourceTree = SDKROOT; };
		00C3BC211888FA050096708D /* CoreGraphics.framework */ = {isa = PBXFileReference; lastKnownFileType = wrapper.framework; name = CoreGraphics.framework; path = System/Library/Frameworks/CoreGraphics.framework; sourceTree = SDKROOT; };
		00C3BC231888FA050096708D /* UIKit.framework */ = {isa = PBXFileReference; lastKnownFileType = wrapper.framework; name = UIKit.framework; path = System/Library/Frameworks/UIKit.framework; sourceTree = SDKROOT; };
		00C3BC271888FA050096708D /* Ex231_Tmap_POI-Info.plist */ = {isa = PBXFileReference; lastKnownFileType = text.plist.xml; path = "Ex231_Tmap_POI-Info.plist"; sourceTree = "<group>"; };
		00C3BC291888FA050096708D /* en */ = {isa = PBXFileReference; lastKnownFileType = text.plist.strings; name = en; path = en.lproj/InfoPlist.strings; sourceTree = "<group>"; };
		00C3BC2B1888FA050096708D /* main.m */ = {isa = PBXFileReference; lastKnownFileType = sourcecode.c.objc; path = main.m; sourceTree = "<group>"; };
		00C3BC2D1888FA050096708D /* Ex231_Tmap_POI-Prefix.pch */ = {isa = PBXFileReference; lastKnownFileType = sourcecode.c.h; path = "Ex231_Tmap_POI-Prefix.pch"; sourceTree = "<group>"; };
		00C3BC2E1888FA050096708D /* AppDelegate.h */ = {isa = PBXFileReference; lastKnownFileType = sourcecode.c.h; path = AppDelegate.h; sourceTree = "<group>"; };
		00C3BC2F1888FA050096708D /* AppDelegate.m */ = {isa = PBXFileReference; lastKnownFileType = sourcecode.c.objc; path = AppDelegate.m; sourceTree = "<group>"; };
		00C3BC321888FA050096708D /* Base */ = {isa = PBXFileReference; lastKnownFileType = file.storyboard; name = Base; path = Base.lproj/Main.storyboard; sourceTree = "<group>"; };
		00C3BC341888FA050096708D /* ViewController.h */ = {isa = PBXFileReference; lastKnownFileType = sourcecode.c.h; path = ViewController.h; sourceTree = "<group>"; };
		00C3BC351888FA050096708D /* ViewController.m */ = {isa = PBXFileReference; lastKnownFileType = sourcecode.c.objc; path = ViewController.m; sourceTree = "<group>"; };
		00C3BC371888FA050096708D /* Images.xcassets */ = {isa = PBXFileReference; lastKnownFileType = folder.assetcatalog; path = Images.xcassets; sourceTree = "<group>"; };
		00C3BC3D1888FA050096708D /* Ex231_Tmap_POITests.xctest */ = {isa = PBXFileReference; explicitFileType = wrapper.cfbundle; includeInIndex = 0; path = Ex231_Tmap_POITests.xctest; sourceTree = BUILT_PRODUCTS_DIR; };
		00C3BC3E1888FA050096708D /* XCTest.framework */ = {isa = PBXFileReference; lastKnownFileType = wrapper.framework; name = XCTest.framework; path = Library/Frameworks/XCTest.framework; sourceTree = DEVELOPER_DIR; };
		00C3BC461888FA060096708D /* Ex231_Tmap_POITests-Info.plist */ = {isa = PBXFileReference; lastKnownFileType = text.plist.xml; path = "Ex231_Tmap_POITests-Info.plist"; sourceTree = "<group>"; };
		00C3BC481888FA060096708D /* en */ = {isa = PBXFileReference; lastKnownFileType = text.plist.strings; name = en; path = en.lproj/InfoPlist.strings; sourceTree = "<group>"; };
		00C3BC4A1888FA060096708D /* Ex231_Tmap_POITests.m */ = {isa = PBXFileReference; lastKnownFileType = sourcecode.c.objc; path = Ex231_Tmap_POITests.m; sourceTree = "<group>"; };
/* End PBXFileReference section */

/* Begin PBXFrameworksBuildPhase section */
		00C3BC191888FA050096708D /* Frameworks */ = {
			isa = PBXFrameworksBuildPhase;
			buildActionMask = 2147483647;
			files = (
				00C3BC221888FA050096708D /* CoreGraphics.framework in Frameworks */,
				00C3BC241888FA050096708D /* UIKit.framework in Frameworks */,
				00C3BC201888FA050096708D /* Foundation.framework in Frameworks */,
			);
			runOnlyForDeploymentPostprocessing = 0;
		};
		00C3BC3A1888FA050096708D /* Frameworks */ = {
			isa = PBXFrameworksBuildPhase;
			buildActionMask = 2147483647;
			files = (
				00C3BC3F1888FA050096708D /* XCTest.framework in Frameworks */,
				00C3BC411888FA050096708D /* UIKit.framework in Frameworks */,
				00C3BC401888FA050096708D /* Foundation.framework in Frameworks */,
			);
			runOnlyForDeploymentPostprocessing = 0;
		};
/* End PBXFrameworksBuildPhase section */

/* Begin PBXGroup section */
		00C3BC131888FA050096708D = {
			isa = PBXGroup;
			children = (
				00C3BC251888FA050096708D /* Ex231_Tmap_POI */,
				00C3BC441888FA060096708D /* Ex231_Tmap_POITests */,
				00C3BC1E1888FA050096708D /* Frameworks */,
				00C3BC1D1888FA050096708D /* Products */,
			);
			sourceTree = "<group>";
		};
		00C3BC1D1888FA050096708D /* Products */ = {
			isa = PBXGroup;
			children = (
				00C3BC1C1888FA050096708D /* Ex231_Tmap_POI.app */,
				00C3BC3D1888FA050096708D /* Ex231_Tmap_POITests.xctest */,
			);
			name = Products;
			sourceTree = "<group>";
		};
		00C3BC1E1888FA050096708D /* Frameworks */ = {
			isa = PBXGroup;
			children = (
				00C3BC1F1888FA050096708D /* Foundation.framework */,
				00C3BC211888FA050096708D /* CoreGraphics.framework */,
				00C3BC231888FA050096708D /* UIKit.framework */,
				00C3BC3E1888FA050096708D /* XCTest.framework */,
			);
			name = Frameworks;
			sourceTree = "<group>";
		};
		00C3BC251888FA050096708D /* Ex231_Tmap_POI */ = {
			isa = PBXGroup;
			children = (
				00C3BC2E1888FA050096708D /* AppDelegate.h */,
				00C3BC2F1888FA050096708D /* AppDelegate.m */,
				00C3BC311888FA050096708D /* Main.storyboard */,
				00C3BC341888FA050096708D /* ViewController.h */,
				00C3BC351888FA050096708D /* ViewController.m */,
				00C3BC371888FA050096708D /* Images.xcassets */,
				00C3BC261888FA050096708D /* Supporting Files */,
			);
			path = Ex231_Tmap_POI;
			sourceTree = "<group>";
		};
		00C3BC261888FA050096708D /* Supporting Files */ = {
			isa = PBXGroup;
			children = (
				00C3BC271888FA050096708D /* Ex231_Tmap_POI-Info.plist */,
				00C3BC281888FA050096708D /* InfoPlist.strings */,
				00C3BC2B1888FA050096708D /* main.m */,
				00C3BC2D1888FA050096708D /* Ex231_Tmap_POI-Prefix.pch */,
			);
			name = "Supporting Files";
			sourceTree = "<group>";
		};
		00C3BC441888FA060096708D /* Ex231_Tmap_POITests */ = {
			isa = PBXGroup;
			children = (
				00C3BC4A1888FA060096708D /* Ex231_Tmap_POITests.m */,
				00C3BC451888FA060096708D /* Supporting Files */,
			);
			path = Ex231_Tmap_POITests;
			sourceTree = "<group>";
		};
		00C3BC451888FA060096708D /* Supporting Files */ = {
			isa = PBXGroup;
			children = (
				00C3BC461888FA060096708D /* Ex231_Tmap_POITests-Info.plist */,
				00C3BC471888FA060096708D /* InfoPlist.strings */,
			);
			name = "Supporting Files";
			sourceTree = "<group>";
		};
/* End PBXGroup section */

/* Begin PBXNativeTarget section */
		00C3BC1B1888FA050096708D /* Ex231_Tmap_POI */ = {
			isa = PBXNativeTarget;
			buildConfigurationList = 00C3BC4E1888FA060096708D /* Build configuration list for PBXNativeTarget "Ex231_Tmap_POI" */;
			buildPhases = (
				00C3BC181888FA050096708D /* Sources */,
				00C3BC191888FA050096708D /* Frameworks */,
				00C3BC1A1888FA050096708D /* Resources */,
			);
			buildRules = (
			);
			dependencies = (
			);
			name = Ex231_Tmap_POI;
			productName = Ex231_Tmap_POI;
			productReference = 00C3BC1C1888FA050096708D /* Ex231_Tmap_POI.app */;
			productType = "com.apple.product-type.application";
		};
		00C3BC3C1888FA050096708D /* Ex231_Tmap_POITests */ = {
			isa = PBXNativeTarget;
			buildConfigurationList = 00C3BC511888FA060096708D /* Build configuration list for PBXNativeTarget "Ex231_Tmap_POITests" */;
			buildPhases = (
				00C3BC391888FA050096708D /* Sources */,
				00C3BC3A1888FA050096708D /* Frameworks */,
				00C3BC3B1888FA050096708D /* Resources */,
			);
			buildRules = (
			);
			dependencies = (
				00C3BC431888FA060096708D /* PBXTargetDependency */,
			);
			name = Ex231_Tmap_POITests;
			productName = Ex231_Tmap_POITests;
			productReference = 00C3BC3D1888FA050096708D /* Ex231_Tmap_POITests.xctest */;
			productType = "com.apple.product-type.bundle.unit-test";
		};
/* End PBXNativeTarget section */

/* Begin PBXProject section */
		00C3BC141888FA050096708D /* Project object */ = {
			isa = PBXProject;
			attributes = {
				LastUpgradeCheck = 0500;
				ORGANIZATIONNAME = "SDT-1";
				TargetAttributes = {
					00C3BC3C1888FA050096708D = {
						TestTargetID = 00C3BC1B1888FA050096708D;
					};
				};
			};
			buildConfigurationList = 00C3BC171888FA050096708D /* Build configuration list for PBXProject "Ex231_Tmap_POI" */;
			compatibilityVersion = "Xcode 3.2";
			developmentRegion = English;
			hasScannedForEncodings = 0;
			knownRegions = (
				en,
				Base,
			);
			mainGroup = 00C3BC131888FA050096708D;
			productRefGroup = 00C3BC1D1888FA050096708D /* Products */;
			projectDirPath = "";
			projectRoot = "";
			targets = (
				00C3BC1B1888FA050096708D /* Ex231_Tmap_POI */,
				00C3BC3C1888FA050096708D /* Ex231_Tmap_POITests */,
			);
		};
/* End PBXProject section */

/* Begin PBXResourcesBuildPhase section */
		00C3BC1A1888FA050096708D /* Resources */ = {
			isa = PBXResourcesBuildPhase;
			buildActionMask = 2147483647;
			files = (
				00C3BC381888FA050096708D /* Images.xcassets in Resources */,
				00C3BC2A1888FA050096708D /* InfoPlist.strings in Resources */,
				00C3BC331888FA050096708D /* Main.storyboard in Resources */,
			);
			runOnlyForDeploymentPostprocessing = 0;
		};
		00C3BC3B1888FA050096708D /* Resources */ = {
			isa = PBXResourcesBuildPhase;
			buildActionMask = 2147483647;
			files = (
				00C3BC491888FA060096708D /* InfoPlist.strings in Resources */,
			);
			runOnlyForDeploymentPostprocessing = 0;
		};
/* End PBXResourcesBuildPhase section */

/* Begin PBXSourcesBuildPhase section */
		00C3BC181888FA050096708D /* Sources */ = {
			isa = PBXSourcesBuildPhase;
			buildActionMask = 2147483647;
			files = (
				00C3BC361888FA050096708D /* ViewController.m in Sources */,
				00C3BC301888FA050096708D /* AppDelegate.m in Sources */,
				00C3BC2C1888FA050096708D /* main.m in Sources */,
			);
			runOnlyForDeploymentPostprocessing = 0;
		};
		00C3BC391888FA050096708D /* Sources */ = {
			isa = PBXSourcesBuildPhase;
			buildActionMask = 2147483647;
			files = (
				00C3BC4B1888FA060096708D /* Ex231_Tmap_POITests.m in Sources */,
			);
			runOnlyForDeploymentPostprocessing = 0;
		};
/* End PBXSourcesBuildPhase section */

/* Begin PBXTargetDependency section */
		00C3BC431888FA060096708D /* PBXTargetDependency */ = {
			isa = PBXTargetDependency;
			target = 00C3BC1B1888FA050096708D /* Ex231_Tmap_POI */;
			targetProxy = 00C3BC421888FA060096708D /* PBXContainerItemProxy */;
		};
/* End PBXTargetDependency section */

/* Begin PBXVariantGroup section */
		00C3BC281888FA050096708D /* InfoPlist.strings */ = {
			isa = PBXVariantGroup;
			children = (
				00C3BC291888FA050096708D /* en */,
			);
			name = InfoPlist.strings;
			sourceTree = "<group>";
		};
		00C3BC311888FA050096708D /* Main.storyboard */ = {
			isa = PBXVariantGroup;
			children = (
				00C3BC321888FA050096708D /* Base */,
			);
			name = Main.storyboard;
			sourceTree = "<group>";
		};
		00C3BC471888FA060096708D /* InfoPlist.strings */ = {
			isa = PBXVariantGroup;
			children = (
				00C3BC481888FA060096708D /* en */,
			);
			name = InfoPlist.strings;
			sourceTree = "<group>";
		};
/* End PBXVariantGroup section */

/* Begin XCBuildConfiguration section */
		00C3BC4C1888FA060096708D /* Debug */ = {
			isa = XCBuildConfiguration;
			buildSettings = {
				ALWAYS_SEARCH_USER_PATHS = NO;
				ARCHS = "$(ARCHS_STANDARD_INCLUDING_64_BIT)";
				CLANG_CXX_LANGUAGE_STANDARD = "gnu++0x";
				CLANG_CXX_LIBRARY = "libc++";
				CLANG_ENABLE_MODULES = YES;
				CLANG_ENABLE_OBJC_ARC = YES;
				CLANG_WARN_BOOL_CONVERSION = YES;
				CLANG_WARN_CONSTANT_CONVERSION = YES;
				CLANG_WARN_DIRECT_OBJC_ISA_USAGE = YES_ERROR;
				CLANG_WARN_EMPTY_BODY = YES;
				CLANG_WARN_ENUM_CONVERSION = YES;
				CLANG_WARN_INT_CONVERSION = YES;
				CLANG_WARN_OBJC_ROOT_CLASS = YES_ERROR;
				CLANG_WARN__DUPLICATE_METHOD_MATCH = YES;
				"CODE_SIGN_IDENTITY[sdk=iphoneos*]" = "iPhone Developer";
				COPY_PHASE_STRIP = NO;
				GCC_C_LANGUAGE_STANDARD = gnu99;
				GCC_DYNAMIC_NO_PIC = NO;
				GCC_OPTIMIZATION_LEVEL = 0;
				GCC_PREPROCESSOR_DEFINITIONS = (
					"DEBUG=1",
					"$(inherited)",
				);
				GCC_SYMBOLS_PRIVATE_EXTERN = NO;
				GCC_WARN_64_TO_32_BIT_CONVERSION = YES;
				GCC_WARN_ABOUT_RETURN_TYPE = YES_ERROR;
				GCC_WARN_UNDECLARED_SELECTOR = YES;
				GCC_WARN_UNINITIALIZED_AUTOS = YES;
				GCC_WARN_UNUSED_FUNCTION = YES;
				GCC_WARN_UNUSED_VARIABLE = YES;
				IPHONEOS_DEPLOYMENT_TARGET = 7.0;
				ONLY_ACTIVE_ARCH = YES;
				SDKROOT = iphoneos;
			};
			name = Debug;
		};
		00C3BC4D1888FA060096708D /* Release */ = {
			isa = XCBuildConfiguration;
			buildSettings = {
				ALWAYS_SEARCH_USER_PATHS = NO;
				ARCHS = "$(ARCHS_STANDARD_INCLUDING_64_BIT)";
				CLANG_CXX_LANGUAGE_STANDARD = "gnu++0x";
				CLANG_CXX_LIBRARY = "libc++";
				CLANG_ENABLE_MODULES = YES;
				CLANG_ENABLE_OBJC_ARC = YES;
				CLANG_WARN_BOOL_CONVERSION = YES;
				CLANG_WARN_CONSTANT_CONVERSION = YES;
				CLANG_WARN_DIRECT_OBJC_ISA_USAGE = YES_ERROR;
				CLANG_WARN_EMPTY_BODY = YES;
				CLANG_WARN_ENUM_CONVERSION = YES;
				CLANG_WARN_INT_CONVERSION = YES;
				CLANG_WARN_OBJC_ROOT_CLASS = YES_ERROR;
				CLANG_WARN__DUPLICATE_METHOD_MATCH = YES;
				"CODE_SIGN_IDENTITY[sdk=iphoneos*]" = "iPhone Developer";
				COPY_PHASE_STRIP = YES;
				ENABLE_NS_ASSERTIONS = NO;
				GCC_C_LANGUAGE_STANDARD = gnu99;
				GCC_WARN_64_TO_32_BIT_CONVERSION = YES;
				GCC_WARN_ABOUT_RETURN_TYPE = YES_ERROR;
				GCC_WARN_UNDECLARED_SELECTOR = YES;
				GCC_WARN_UNINITIALIZED_AUTOS = YES;
				GCC_WARN_UNUSED_FUNCTION = YES;
				GCC_WARN_UNUSED_VARIABLE = YES;
				IPHONEOS_DEPLOYMENT_TARGET = 7.0;
				SDKROOT = iphoneos;
				VALIDATE_PRODUCT = YES;
			};
			name = Release;
		};
		00C3BC4F1888FA060096708D /* Debug */ = {
			isa = XCBuildConfiguration;
			buildSettings = {
				ASSETCATALOG_COMPILER_APPICON_NAME = AppIcon;
				ASSETCATALOG_COMPILER_LAUNCHIMAGE_NAME = LaunchImage;
				GCC_PRECOMPILE_PREFIX_HEADER = YES;
				GCC_PREFIX_HEADER = "Ex231_Tmap_POI/Ex231_Tmap_POI-Prefix.pch";
				INFOPLIST_FILE = "Ex231_Tmap_POI/Ex231_Tmap_POI-Info.plist";
				PRODUCT_NAME = "$(TARGET_NAME)";
				WRAPPER_EXTENSION = app;
			};
			name = Debug;
		};
		00C3BC501888FA060096708D /* Release */ = {
			isa = XCBuildConfiguration;
			buildSettings = {
				ASSETCATALOG_COMPILER_APPICON_NAME = AppIcon;
				ASSETCATALOG_COMPILER_LAUNCHIMAGE_NAME = LaunchImage;
				GCC_PRECOMPILE_PREFIX_HEADER = YES;
				GCC_PREFIX_HEADER = "Ex231_Tmap_POI/Ex231_Tmap_POI-Prefix.pch";
				INFOPLIST_FILE = "Ex231_Tmap_POI/Ex231_Tmap_POI-Info.plist";
				PRODUCT_NAME = "$(TARGET_NAME)";
				WRAPPER_EXTENSION = app;
			};
			name = Release;
		};
		00C3BC521888FA060096708D /* Debug */ = {
			isa = XCBuildConfiguration;
			buildSettings = {
				ARCHS = "$(ARCHS_STANDARD_INCLUDING_64_BIT)";
				BUNDLE_LOADER = "$(BUILT_PRODUCTS_DIR)/Ex231_Tmap_POI.app/Ex231_Tmap_POI";
				FRAMEWORK_SEARCH_PATHS = (
					"$(SDKROOT)/Developer/Library/Frameworks",
					"$(inherited)",
					"$(DEVELOPER_FRAMEWORKS_DIR)",
				);
				GCC_PRECOMPILE_PREFIX_HEADER = YES;
				GCC_PREFIX_HEADER = "Ex231_Tmap_POI/Ex231_Tmap_POI-Prefix.pch";
				GCC_PREPROCESSOR_DEFINITIONS = (
					"DEBUG=1",
					"$(inherited)",
				);
				INFOPLIST_FILE = "Ex231_Tmap_POITests/Ex231_Tmap_POITests-Info.plist";
				PRODUCT_NAME = "$(TARGET_NAME)";
				TEST_HOST = "$(BUNDLE_LOADER)";
				WRAPPER_EXTENSION = xctest;
			};
			name = Debug;
		};
		00C3BC531888FA060096708D /* Release */ = {
			isa = XCBuildConfiguration;
			buildSettings = {
				ARCHS = "$(ARCHS_STANDARD_INCLUDING_64_BIT)";
				BUNDLE_LOADER = "$(BUILT_PRODUCTS_DIR)/Ex231_Tmap_POI.app/Ex231_Tmap_POI";
				FRAMEWORK_SEARCH_PATHS = (
					"$(SDKROOT)/Developer/Library/Frameworks",
					"$(inherited)",
					"$(DEVELOPER_FRAMEWORKS_DIR)",
				);
				GCC_PRECOMPILE_PREFIX_HEADER = YES;
				GCC_PREFIX_HEADER = "Ex231_Tmap_POI/Ex231_Tmap_POI-Prefix.pch";
				INFOPLIST_FILE = "Ex231_Tmap_POITests/Ex231_Tmap_POITests-Info.plist";
				PRODUCT_NAME = "$(TARGET_NAME)";
				TEST_HOST = "$(BUNDLE_LOADER)";
				WRAPPER_EXTENSION = xctest;
			};
			name = Release;
		};
/* End XCBuildConfiguration section */

/* Begin XCConfigurationList section */
		00C3BC171888FA050096708D /* Build configuration list for PBXProject "Ex231_Tmap_POI" */ = {
			isa = XCConfigurationList;
			buildConfigurations = (
				00C3BC4C1888FA060096708D /* Debug */,
				00C3BC4D1888FA060096708D /* Release */,
			);
			defaultConfigurationIsVisible = 0;
			defaultConfigurationName = Release;
		};
		00C3BC4E1888FA060096708D /* Build configuration list for PBXNativeTarget "Ex231_Tmap_POI" */ = {
			isa = XCConfigurationList;
			buildConfigurations = (
				00C3BC4F1888FA060096708D /* Debug */,
				00C3BC501888FA060096708D /* Release */,
			);
			defaultConfigurationIsVisible = 0;
		};
		00C3BC511888FA060096708D /* Build configuration list for PBXNativeTarget "Ex231_Tmap_POITests" */ = {
			isa = XCConfigurationList;
			buildConfigurations = (
				00C3BC521888FA060096708D /* Debug */,
				00C3BC531888FA060096708D /* Release */,
			);
			defaultConfigurationIsVisible = 0;
		};
/* End XCConfigurationList section */
	};
	rootObject = 00C3BC141888FA050096708D /* Project object */;
}
